
Microsoft Visual Studio Solution File, Format Version 12.00
# Visual Studio Version 16
VisualStudioVersion = 16.0.30413.136
MinimumVisualStudioVersion = 10.0.40219.1
Project("{9A19103F-16F7-4668-BE54-9A1E7A4F7556}") = "Dice Simulation", "Dice Simulation.csproj", "{D3129A8A-09F5-41C9-854C-ACAD70826CFB}"
EndProject
Global
	GlobalSection(SolutionConfigurationPlatforms) = preSolution
		Debug|Any CPU = Debug|Any CPU
		Release|Any CPU = Release|Any CPU
	EndGlobalSection
	GlobalSection(ProjectConfigurationPlatforms) = postSolution
		{D3129A8A-09F5-41C9-854C-ACAD70826CFB}.Debug|Any CPU.ActiveCfg = Debug|Any CPU
		{D3129A8A-09F5-41C9-854C-ACAD70826CFB}.Debug|Any CPU.Build.0 = Debug|Any CPU
		{D3129A8A-09F5-41C9-854C-ACAD70826CFB}.Release|Any CPU.ActiveCfg = Release|Any CPU
		{D3129A8A-09F5-41C9-854C-ACAD70826CFB}.Release|Any CPU.Build.0 = Release|Any CPU
	EndGlobalSection
	GlobalSection(SolutionProperties) = preSolution
		HideSolutionNode = FALSE
	EndGlobalSection
	GlobalSection(ExtensibilityGlobals) = postSolution
		SolutionGuid = {1EF7E112-3BFC-440D-B593-CE93C0480058}
	EndGlobalSection
EndGlobal
